
Microsoft Visual Studio Solution File, Format Version 12.00
# Visual Studio Version 17
VisualStudioVersion = 17.1.32421.90
MinimumVisualStudioVersion = 10.0.40219.1
Project("{FAE04EC0-301F-11D3-BF4B-00C04F79EFBC}") = "API-PROGIII", "API-PROGIII\API-PROGIII.csproj", "{511E4E36-3782-4E71-AC4A-2B2B6CE89D71}"
EndProject
Global
	GlobalSection(SolutionConfigurationPlatforms) = preSolution
		Debug|Any CPU = Debug|Any CPU
		Release|Any CPU = Release|Any CPU
	EndGlobalSection
	GlobalSection(ProjectConfigurationPlatforms) = postSolution
		{511E4E36-3782-4E71-AC4A-2B2B6CE89D71}.Debug|Any CPU.ActiveCfg = Debug|Any CPU
		{511E4E36-3782-4E71-AC4A-2B2B6CE89D71}.Debug|Any CPU.Build.0 = Debug|Any CPU
		{511E4E36-3782-4E71-AC4A-2B2B6CE89D71}.Release|Any CPU.ActiveCfg = Release|Any CPU
		{511E4E36-3782-4E71-AC4A-2B2B6CE89D71}.Release|Any CPU.Build.0 = Release|Any CPU
	EndGlobalSection
	GlobalSection(SolutionProperties) = preSolution
		HideSolutionNode = FALSE
	EndGlobalSection
	GlobalSection(ExtensibilityGlobals) = postSolution
		SolutionGuid = {971863C7-B865-4646-8CB5-4E3230E44C60}
	EndGlobalSection
EndGlobal
